
Microsoft Visual Studio Solution File, Format Version 12.00
# Visual Studio Version 16
VisualStudioVersion = 16.0.31105.61
MinimumVisualStudioVersion = 10.0.40219.1
Project("{9A19103F-16F7-4668-BE54-9A1E7A4F7556}") = "OpenDax_Desktop", "OpenDax_Desktop\OpenDax_Desktop.csproj", "{4C751CB7-06C0-4CA7-9F2C-69C4A4A812F4}"
EndProject
Project("{FAE04EC0-301F-11D3-BF4B-00C04F79EFBC}") = "OpenDax_Core", "OpenDax_Core\OpenDax_Core.csproj", "{5A0D2EE0-5BFF-4975-A8E6-4A4D89B5EB58}"
EndProject
Project("{FAE04EC0-301F-11D3-BF4B-00C04F79EFBC}") = "OpenDax_UI", "OpenDax_UI\OpenDax_UI.csproj", "{B7209319-A809-4FE9-8802-F29FC4504854}"
EndProject
Global
	GlobalSection(SolutionConfigurationPlatforms) = preSolution
		Debug|Any CPU = Debug|Any CPU
		Release|Any CPU = Release|Any CPU
	EndGlobalSection
	GlobalSection(ProjectConfigurationPlatforms) = postSolution
		{4C751CB7-06C0-4CA7-9F2C-69C4A4A812F4}.Debug|Any CPU.ActiveCfg = Debug|Any CPU
		{4C751CB7-06C0-4CA7-9F2C-69C4A4A812F4}.Debug|Any CPU.Build.0 = Debug|Any CPU
		{4C751CB7-06C0-4CA7-9F2C-69C4A4A812F4}.Release|Any CPU.ActiveCfg = Release|Any CPU
		{4C751CB7-06C0-4CA7-9F2C-69C4A4A812F4}.Release|Any CPU.Build.0 = Release|Any CPU
		{5A0D2EE0-5BFF-4975-A8E6-4A4D89B5EB58}.Debug|Any CPU.ActiveCfg = Debug|Any CPU
		{5A0D2EE0-5BFF-4975-A8E6-4A4D89B5EB58}.Debug|Any CPU.Build.0 = Debug|Any CPU
		{5A0D2EE0-5BFF-4975-A8E6-4A4D89B5EB58}.Release|Any CPU.ActiveCfg = Release|Any CPU
		{5A0D2EE0-5BFF-4975-A8E6-4A4D89B5EB58}.Release|Any CPU.Build.0 = Release|Any CPU
		{B7209319-A809-4FE9-8802-F29FC4504854}.Debug|Any CPU.ActiveCfg = Debug|Any CPU
		{B7209319-A809-4FE9-8802-F29FC4504854}.Debug|Any CPU.Build.0 = Debug|Any CPU
		{B7209319-A809-4FE9-8802-F29FC4504854}.Release|Any CPU.ActiveCfg = Release|Any CPU
		{B7209319-A809-4FE9-8802-F29FC4504854}.Release|Any CPU.Build.0 = Release|Any CPU
	EndGlobalSection
	GlobalSection(SolutionProperties) = preSolution
		HideSolutionNode = FALSE
	EndGlobalSection
	GlobalSection(ExtensibilityGlobals) = postSolution
		SolutionGuid = {807CDDFD-A52C-415D-BA27-641FE66D3513}
	EndGlobalSection
EndGlobal
